// !$*UTF8*$!
{
	archiveVersion = 1;
	classes = {
	};
	objectVersion = 56;
	objects = {

/* Begin PBXBuildFile section */
		66E00002305C000000000001 /* WidgetDataManager.swift in Sources */ = {isa = PBXBuildFile; fileRef = 66E00001305C000000000003 /* WidgetDataManager.swift */; };
		66E00002305C000000000002 /* WidgetDataManager.swift in Sources */ = {isa = PBXBuildFile; fileRef = 66E00001305C000000000003 /* WidgetDataManager.swift */; };
		66E00002305C000000000003 /* FinTrackWidgets.swift in Sources */ = {isa = PBXBuildFile; fileRef = 66E00001305C000000000002 /* FinTrackWidgets.swift */; };
		66E00002305C000000000004 /* FinTrackWidgets.appex in Embed Foundation Extensions */ = {isa = PBXBuildFile; fileRef = 66E00001305C000000000001 /* FinTrackWidgets.appex */; settings = {ATTRIBUTES = (RemoveHeadersOnCopy, ); }; };
		668B5322305905A000C4CC01 /* FinTrackApp.swift in Sources */ = {isa = PBXBuildFile; fileRef = 668B5321305905A000C4CC01 /* FinTrackApp.swift */; };
		668B5324305905A000C4CC01 /* ContentView.swift in Sources */ = {isa = PBXBuildFile; fileRef = 668B5323305905A000C4CC01 /* ContentView.swift */; };
		668B5326305905A600C4CC01 /* Assets.xcassets in Resources */ = {isa = PBXBuildFile; fileRef = 668B5325305905A600C4CC01 /* Assets.xcassets */; };
		668B5329305905A600C4CC01 /* Preview Assets.xcassets in Resources */ = {isa = PBXBuildFile; fileRef = 668B5328305905A600C4CC01 /* Preview Assets.xcassets */; };
		668B5333305905A600C4CC01 /* FinTrackTests.swift in Sources */ = {isa = PBXBuildFile; fileRef = 668B5332305905A600C4CC01 /* FinTrackTests.swift */; };
		668B533D305905A600C4CC01 /* FinTrackUITests.swift in Sources */ = {isa = PBXBuildFile; fileRef = 668B533C305905A600C4CC01 /* FinTrackUITests.swift */; };
		668B533F305905A600C4CC01 /* FinTrackUITestsLaunchTests.swift in Sources */ = {isa = PBXBuildFile; fileRef = 668B533E305905A600C4CC01 /* FinTrackUITestsLaunchTests.swift */; };
		66B6B87E305A4BF500DB568D /* Category.swift in Sources */ = {isa = PBXBuildFile; fileRef = 66B6B874305A4BF500DB568D /* Category.swift */; };
		66B6B87F305A4BF500DB568D /* Transaction.swift in Sources */ = {isa = PBXBuildFile; fileRef = 66B6B875305A4BF500DB568D /* Transaction.swift */; };
		66B6B880305A4BF500DB568D /* Account.swift in Sources */ = {isa = PBXBuildFile; fileRef = 66B6B876305A4BF500DB568D /* Account.swift */; };
		66B6B881305A4BF500DB568D /* DashboardView.swift in Sources */ = {isa = PBXBuildFile; fileRef = 66B6B878305A4BF500DB568D /* DashboardView.swift */; };
		66B6B882305A4BF500DB568D /* HistoryView.swift in Sources */ = {isa = PBXBuildFile; fileRef = 66B6B879305A4BF500DB568D /* HistoryView.swift */; };
		66B6B883305A4BF500DB568D /* SupabaseManager.swift in Sources */ = {isa = PBXBuildFile; fileRef = 66B6B87B305A4BF500DB568D /* SupabaseManager.swift */; };
		66B6B884305A4BF500DB568D /* DashboardViewModel.swift in Sources */ = {isa = PBXBuildFile; fileRef = 66B6B87D305A4BF500DB568D /* DashboardViewModel.swift */; };
		66B6B886305A60D700DB568D /* WalletView.swift in Sources */ = {isa = PBXBuildFile; fileRef = 66B6B885305A60D700DB568D /* WalletView.swift */; };
		66B6B888305A6F9100DB568D /* AddTransactionView.swift in Sources */ = {isa = PBXBuildFile; fileRef = 66B6B887305A6F9100DB568D /* AddTransactionView.swift */; };
		66B6B88B305A728200DB568D /* AuthView.swift in Sources */ = {isa = PBXBuildFile; fileRef = 66B6B889305A728200DB568D /* AuthView.swift */; };
		66B6B88E305A735300DB568D /* AuthModels.swift in Sources */ = {isa = PBXBuildFile; fileRef = 66B6B88D305A735300DB568D /* AuthModels.swift */; };
		66B6B890305A74CD00DB568D /* AuthViewModel.swift in Sources */ = {isa = PBXBuildFile; fileRef = 66B6B88F305A74CD00DB568D /* AuthViewModel.swift */; };
		66B6B892305A7B5F00DB568D /* WalletViewModel.swift in Sources */ = {isa = PBXBuildFile; fileRef = 66B6B891305A7B5F00DB568D /* WalletViewModel.swift */; };
		66CD40CB305AF917000230FC /* BudgetsView.swift in Sources */ = {isa = PBXBuildFile; fileRef = 66CD40CA305AF917000230FC /* BudgetsView.swift */; };
		66CD40CE305B36F4000230FC /* FinTrackIntents.swift in Sources */ = {isa = PBXBuildFile; fileRef = 66CD40CD305B36F4000230FC /* FinTrackIntents.swift */; };
/* End PBXBuildFile section */

/* Begin PBXContainerItemProxy section */
		66E00005305C000000000001 /* PBXContainerItemProxy */ = {
			isa = PBXContainerItemProxy;
			containerPortal = 668B53163059059F00C4CC01 /* Project object */;
			proxyType = 1;
			remoteGlobalIDString = 66E00006305C000000000001;
			remoteInfo = FinTrackWidgets;
		};
		668B532F305905A600C4CC01 /* PBXContainerItemProxy */ = {
			isa = PBXContainerItemProxy;
			containerPortal = 668B53163059059F00C4CC01 /* Project object */;
			proxyType = 1;
			remoteGlobalIDString = 668B531D3059059F00C4CC01;
			remoteInfo = FinTrack;
		};
		668B5339305905A600C4CC01 /* PBXContainerItemProxy */ = {
			isa = PBXContainerItemProxy;
			containerPortal = 668B53163059059F00C4CC01 /* Project object */;
			proxyType = 1;
			remoteGlobalIDString = 668B531D3059059F00C4CC01;
			remoteInfo = FinTrack;
		};
/* End PBXContainerItemProxy section */

/* Begin PBXFileReference section */
		66E00001305C000000000001 /* FinTrackWidgets.appex */ = {isa = PBXFileReference; explicitFileType = wrapper.app-extension; includeInIndex = 0; path = FinTrackWidgets.appex; sourceTree = BUILT_PRODUCTS_DIR; };
		66E00001305C000000000002 /* FinTrackWidgets.swift */ = {isa = PBXFileReference; fileEncoding = 4; lastKnownFileType = sourcecode.swift; path = FinTrackWidgets.swift; sourceTree = "<group>"; };
		66E00001305C000000000003 /* WidgetDataManager.swift */ = {isa = PBXFileReference; fileEncoding = 4; lastKnownFileType = sourcecode.swift; path = Models/WidgetDataManager.swift; sourceTree = "<group>"; };
		668B531E305905A000C4CC01 /* FinTrack.app */ = {isa = PBXFileReference; explicitFileType = wrapper.application; includeInIndex = 0; path = FinTrack.app; sourceTree = BUILT_PRODUCTS_DIR; };
		668B5321305905A000C4CC01 /* FinTrackApp.swift */ = {isa = PBXFileReference; lastKnownFileType = sourcecode.swift; path = FinTrackApp.swift; sourceTree = "<group>"; };
		668B5323305905A000C4CC01 /* ContentView.swift */ = {isa = PBXFileReference; lastKnownFileType = sourcecode.swift; path = ContentView.swift; sourceTree = "<group>"; };
		668B5325305905A600C4CC01 /* Assets.xcassets */ = {isa = PBXFileReference; lastKnownFileType = folder.assetcatalog; path = Assets.xcassets; sourceTree = "<group>"; };
		668B5328305905A600C4CC01 /* Preview Assets.xcassets */ = {isa = PBXFileReference; lastKnownFileType = folder.assetcatalog; path = "Preview Assets.xcassets"; sourceTree = "<group>"; };
		668B532E305905A600C4CC01 /* FinTrackTests.xctest */ = {isa = PBXFileReference; explicitFileType = wrapper.cfbundle; includeInIndex = 0; path = FinTrackTests.xctest; sourceTree = BUILT_PRODUCTS_DIR; };
		668B5332305905A600C4CC01 /* FinTrackTests.swift */ = {isa = PBXFileReference; lastKnownFileType = sourcecode.swift; path = FinTrackTests.swift; sourceTree = "<group>"; };
		668B5338305905A600C4CC01 /* FinTrackUITests.xctest */ = {isa = PBXFileReference; explicitFileType = wrapper.cfbundle; includeInIndex = 0; path = FinTrackUITests.xctest; sourceTree = BUILT_PRODUCTS_DIR; };
		668B533C305905A600C4CC01 /* FinTrackUITests.swift */ = {isa = PBXFileReference; lastKnownFileType = sourcecode.swift; path = FinTrackUITests.swift; sourceTree = "<group>"; };
		668B533E305905A600C4CC01 /* FinTrackUITestsLaunchTests.swift */ = {isa = PBXFileReference; lastKnownFileType = sourcecode.swift; path = FinTrackUITestsLaunchTests.swift; sourceTree = "<group>"; };
		66B6B874305A4BF500DB568D /* Category.swift */ = {isa = PBXFileReference; fileEncoding = 4; lastKnownFileType = sourcecode.swift; path = Category.swift; sourceTree = "<group>"; };
		66B6B875305A4BF500DB568D /* Transaction.swift */ = {isa = PBXFileReference; fileEncoding = 4; lastKnownFileType = sourcecode.swift; path = Transaction.swift; sourceTree = "<group>"; };
		66B6B876305A4BF500DB568D /* Account.swift */ = {isa = PBXFileReference; fileEncoding = 4; lastKnownFileType = sourcecode.swift; path = Account.swift; sourceTree = "<group>"; };
		66B6B878305A4BF500DB568D /* DashboardView.swift */ = {isa = PBXFileReference; fileEncoding = 4; lastKnownFileType = sourcecode.swift; path = DashboardView.swift; sourceTree = "<group>"; };
		66B6B879305A4BF500DB568D /* HistoryView.swift */ = {isa = PBXFileReference; fileEncoding = 4; lastKnownFileType = sourcecode.swift; path = HistoryView.swift; sourceTree = "<group>"; };
		66B6B87B305A4BF500DB568D /* SupabaseManager.swift */ = {isa = PBXFileReference; fileEncoding = 4; lastKnownFileType = sourcecode.swift; path = SupabaseManager.swift; sourceTree = "<group>"; };
		66B6B87D305A4BF500DB568D /* DashboardViewModel.swift */ = {isa = PBXFileReference; fileEncoding = 4; lastKnownFileType = sourcecode.swift; path = DashboardViewModel.swift; sourceTree = "<group>"; };
		66B6B885305A60D700DB568D /* WalletView.swift */ = {isa = PBXFileReference; fileEncoding = 4; lastKnownFileType = sourcecode.swift; path = WalletView.swift; sourceTree = "<group>"; };
		66B6B887305A6F9100DB568D /* AddTransactionView.swift */ = {isa = PBXFileReference; fileEncoding = 4; lastKnownFileType = sourcecode.swift; path = AddTransactionView.swift; sourceTree = "<group>"; };
		66B6B889305A728200DB568D /* AuthView.swift */ = {isa = PBXFileReference; fileEncoding = 4; lastKnownFileType = sourcecode.swift; path = AuthView.swift; sourceTree = "<group>"; };
		66B6B88D305A735300DB568D /* AuthModels.swift */ = {isa = PBXFileReference; fileEncoding = 4; lastKnownFileType = sourcecode.swift; path = AuthModels.swift; sourceTree = "<group>"; };
		66B6B88F305A74CD00DB568D /* AuthViewModel.swift */ = {isa = PBXFileReference; fileEncoding = 4; lastKnownFileType = sourcecode.swift; path = AuthViewModel.swift; sourceTree = "<group>"; };
		66B6B891305A7B5F00DB568D /* WalletViewModel.swift */ = {isa = PBXFileReference; fileEncoding = 4; lastKnownFileType = sourcecode.swift; path = WalletViewModel.swift; sourceTree = "<group>"; };
		66CD40CA305AF917000230FC /* BudgetsView.swift */ = {isa = PBXFileReference; fileEncoding = 4; lastKnownFileType = sourcecode.swift; path = BudgetsView.swift; sourceTree = "<group>"; };
		66CD40CD305B36F4000230FC /* FinTrackIntents.swift */ = {isa = PBXFileReference; fileEncoding = 4; lastKnownFileType = sourcecode.swift; path = FinTrackIntents.swift; sourceTree = "<group>"; };
/* End PBXFileReference section */

/* Begin PBXCopyFilesBuildPhase section */
		66E00003305C000000000001 /* Embed Foundation Extensions */ = {
			isa = PBXCopyFilesBuildPhase;
			buildActionMask = 2147483647;
			dstPath = "";
			dstSubfolderSpec = 13;
			files = (
				66E00002305C000000000004 /* FinTrackWidgets.appex in Embed Foundation Extensions */,
			);
			name = "Embed Foundation Extensions";
			runOnlyForDeploymentPostprocessing = 0;
		};
/* End PBXCopyFilesBuildPhase section */

/* Begin PBXFrameworksBuildPhase section */
		66E00008305C000000000001 /* Frameworks */ = {
			isa = PBXFrameworksBuildPhase;
			buildActionMask = 2147483647;
			files = (
			);
			runOnlyForDeploymentPostprocessing = 0;
		};
		668B531B3059059F00C4CC01 /* Frameworks */ = {
			isa = PBXFrameworksBuildPhase;
			buildActionMask = 2147483647;
			files = (
			);
			runOnlyForDeploymentPostprocessing = 0;
		};
		668B532B305905A600C4CC01 /* Frameworks */ = {
			isa = PBXFrameworksBuildPhase;
			buildActionMask = 2147483647;
			files = (
			);
			runOnlyForDeploymentPostprocessing = 0;
		};
		668B5335305905A600C4CC01 /* Frameworks */ = {
			isa = PBXFrameworksBuildPhase;
			buildActionMask = 2147483647;
			files = (
			);
			runOnlyForDeploymentPostprocessing = 0;
		};
/* End PBXFrameworksBuildPhase section */

/* Begin PBXGroup section */
		668B53153059059F00C4CC01 = {
			isa = PBXGroup;
			children = (
				66E0000C305C000000000001 /* FinTrackWidgets */,
				66CD40CC305B36F4000230FC /* Intents */,
				66B6B873305A4BF500DB568D /* Models */,
				66B6B87A305A4BF500DB568D /* Services */,
				66B6B87C305A4BF500DB568D /* ViewModels */,
				66B6B877305A4BF500DB568D /* Views */,
				668B5320305905A000C4CC01 /* FinTrack */,
				668B5331305905A600C4CC01 /* FinTrackTests */,
				668B533B305905A600C4CC01 /* FinTrackUITests */,
				668B531F305905A000C4CC01 /* Products */,
				66B6B870305A4A3800DB568D /* Frameworks */,
			);
			sourceTree = "<group>";
		};
		668B531F305905A000C4CC01 /* Products */ = {
			isa = PBXGroup;
			children = (
				66E00001305C000000000001 /* FinTrackWidgets.appex */,
				668B531E305905A000C4CC01 /* FinTrack.app */,
				668B532E305905A600C4CC01 /* FinTrackTests.xctest */,
				668B5338305905A600C4CC01 /* FinTrackUITests.xctest */,
			);
			name = Products;
			sourceTree = "<group>";
		};
		668B5320305905A000C4CC01 /* FinTrack */ = {
			isa = PBXGroup;
			children = (
				668B5321305905A000C4CC01 /* FinTrackApp.swift */,
				668B5323305905A000C4CC01 /* ContentView.swift */,
				668B5325305905A600C4CC01 /* Assets.xcassets */,
				668B5327305905A600C4CC01 /* Preview Content */,
			);
			path = FinTrack;
			sourceTree = "<group>";
		};
		668B5327305905A600C4CC01 /* Preview Content */ = {
			isa = PBXGroup;
			children = (
				668B5328305905A600C4CC01 /* Preview Assets.xcassets */,
			);
			path = "Preview Content";
			sourceTree = "<group>";
		};
		668B5331305905A600C4CC01 /* FinTrackTests */ = {
			isa = PBXGroup;
			children = (
				668B5332305905A600C4CC01 /* FinTrackTests.swift */,
			);
			path = FinTrackTests;
			sourceTree = "<group>";
		};
		668B533B305905A600C4CC01 /* FinTrackUITests */ = {
			isa = PBXGroup;
			children = (
				668B533C305905A600C4CC01 /* FinTrackUITests.swift */,
				668B533E305905A600C4CC01 /* FinTrackUITestsLaunchTests.swift */,
			);
			path = FinTrackUITests;
			sourceTree = "<group>";
		};
		66B6B870305A4A3800DB568D /* Frameworks */ = {
			isa = PBXGroup;
			children = (
			);
			name = Frameworks;
			sourceTree = "<group>";
		};
		66B6B873305A4BF500DB568D /* Models */ = {
			isa = PBXGroup;
			children = (
				66B6B88D305A735300DB568D /* AuthModels.swift */,
				66B6B874305A4BF500DB568D /* Category.swift */,
				66B6B875305A4BF500DB568D /* Transaction.swift */,
				66B6B876305A4BF500DB568D /* Account.swift */,
			);
			path = Models;
			sourceTree = "<group>";
		};
		66B6B877305A4BF500DB568D /* Views */ = {
			isa = PBXGroup;
			children = (
				66CD40CA305AF917000230FC /* BudgetsView.swift */,
				66B6B889305A728200DB568D /* AuthView.swift */,
				66B6B887305A6F9100DB568D /* AddTransactionView.swift */,
				66B6B885305A60D700DB568D /* WalletView.swift */,
				66B6B878305A4BF500DB568D /* DashboardView.swift */,
				66B6B879305A4BF500DB568D /* HistoryView.swift */,
			);
			path = Views;
			sourceTree = "<group>";
		};
		66B6B87A305A4BF500DB568D /* Services */ = {
			isa = PBXGroup;
			children = (
				66B6B87B305A4BF500DB568D /* SupabaseManager.swift */,
			);
			path = Services;
			sourceTree = "<group>";
		};
		66B6B87C305A4BF500DB568D /* ViewModels */ = {
			isa = PBXGroup;
			children = (
				66B6B891305A7B5F00DB568D /* WalletViewModel.swift */,
				66B6B88F305A74CD00DB568D /* AuthViewModel.swift */,
				66B6B87D305A4BF500DB568D /* DashboardViewModel.swift */,
			);
			path = ViewModels;
			sourceTree = "<group>";
		};
		66CD40CC305B36F4000230FC /* Intents */ = {
			isa = PBXGroup;
			children = (
				66CD40CD305B36F4000230FC /* FinTrackIntents.swift */,
			);
			path = Intents;
			sourceTree = "<group>";
		};
		66E0000C305C000000000001 /* FinTrackWidgets */ = {
			isa = PBXGroup;
			children = (
				66E00001305C000000000002 /* FinTrackWidgets.swift */,
			);
			path = FinTrackWidgets;
			sourceTree = "<group>";
		};
/* End PBXGroup section */

/* Begin PBXNativeTarget section */
		66E00006305C000000000001 /* FinTrackWidgets */ = {
			isa = PBXNativeTarget;
			buildConfigurationList = 66E0000A305C000000000001 /* Build configuration list for PBXNativeTarget "FinTrackWidgets" */;
			buildPhases = (
				66E00007305C000000000001 /* Sources */,
				66E00008305C000000000001 /* Frameworks */,
				66E00009305C000000000001 /* Resources */,
			);
			buildRules = (
			);
			dependencies = (
			);
			name = FinTrackWidgets;
			productName = FinTrackWidgets;
			productReference = 66E00001305C000000000001 /* FinTrackWidgets.appex */;
			productType = "com.apple.product-type.app-extension";
		};
		668B531D3059059F00C4CC01 /* FinTrack */ = {
			isa = PBXNativeTarget;
			buildConfigurationList = 668B5342305905A600C4CC01 /* Build configuration list for PBXNativeTarget "FinTrack" */;
			buildPhases = (
				66E00003305C000000000001 /* Embed Foundation Extensions */,
				668B531A3059059F00C4CC01 /* Sources */,
				668B531B3059059F00C4CC01 /* Frameworks */,
				668B531C3059059F00C4CC01 /* Resources */,
			);
			buildRules = (
			);
			dependencies = (
				66E00004305C000000000001 /* PBXTargetDependency */,
			);
			name = FinTrack;
			packageProductDependencies = (
			);
			productName = FinTrack;
			productReference = 668B531E305905A000C4CC01 /* FinTrack.app */;
			productType = "com.apple.product-type.application";
		};
		668B532D305905A600C4CC01 /* FinTrackTests */ = {
			isa = PBXNativeTarget;
			buildConfigurationList = 668B5345305905A600C4CC01 /* Build configuration list for PBXNativeTarget "FinTrackTests" */;
			buildPhases = (
				668B532A305905A600C4CC01 /* Sources */,
				668B532B305905A600C4CC01 /* Frameworks */,
				668B532C305905A600C4CC01 /* Resources */,
			);
			buildRules = (
			);
			dependencies = (
				668B5330305905A600C4CC01 /* PBXTargetDependency */,
			);
			name = FinTrackTests;
			productName = FinTrackTests;
			productReference = 668B532E305905A600C4CC01 /* FinTrackTests.xctest */;
			productType = "com.apple.product-type.bundle.unit-test";
		};
		668B5337305905A600C4CC01 /* FinTrackUITests */ = {
			isa = PBXNativeTarget;
			buildConfigurationList = 668B5348305905A600C4CC01 /* Build configuration list for PBXNativeTarget "FinTrackUITests" */;
			buildPhases = (
				668B5334305905A600C4CC01 /* Sources */,
				668B5335305905A600C4CC01 /* Frameworks */,
				668B5336305905A600C4CC01 /* Resources */,
			);
			buildRules = (
			);
			dependencies = (
				668B533A305905A600C4CC01 /* PBXTargetDependency */,
			);
			name = FinTrackUITests;
			productName = FinTrackUITests;
			productReference = 668B5338305905A600C4CC01 /* FinTrackUITests.xctest */;
			productType = "com.apple.product-type.bundle.ui-testing";
		};
/* End PBXNativeTarget section */

/* Begin PBXProject section */
		668B53163059059F00C4CC01 /* Project object */ = {
			isa = PBXProject;
			attributes = {
				BuildIndependentTargetsInParallel = 1;
				LastSwiftUpdateCheck = 1520;
				LastUpgradeCheck = 1520;
				TargetAttributes = {
					66E00006305C000000000001 = {
						CreatedOnToolsVersion = 15.2;
					};
					668B531D3059059F00C4CC01 = {
						CreatedOnToolsVersion = 15.2;
					};
					668B532D305905A600C4CC01 = {
						CreatedOnToolsVersion = 15.2;
						TestTargetID = 668B531D3059059F00C4CC01;
					};
					668B5337305905A600C4CC01 = {
						CreatedOnToolsVersion = 15.2;
						TestTargetID = 668B531D3059059F00C4CC01;
					};
				};
			};
			buildConfigurationList = 668B53193059059F00C4CC01 /* Build configuration list for PBXProject "FinTrack" */;
			compatibilityVersion = "Xcode 14.0";
			developmentRegion = en;
			hasScannedForEncodings = 0;
			knownRegions = (
				en,
				Base,
			);
			mainGroup = 668B53153059059F00C4CC01;
			packageReferences = (
			);
			productRefGroup = 668B531F305905A000C4CC01 /* Products */;
			projectDirPath = "";
			projectRoot = "";
			targets = (
				66E00006305C000000000001 /* FinTrackWidgets */,
				668B531D3059059F00C4CC01 /* FinTrack */,
				668B532D305905A600C4CC01 /* FinTrackTests */,
				668B5337305905A600C4CC01 /* FinTrackUITests */,
			);
		};
/* End PBXProject section */

/* Begin PBXResourcesBuildPhase section */
		66E00009305C000000000001 /* Resources */ = {
			isa = PBXResourcesBuildPhase;
			buildActionMask = 2147483647;
			files = (
			);
			runOnlyForDeploymentPostprocessing = 0;
		};
		668B531C3059059F00C4CC01 /* Resources */ = {
			isa = PBXResourcesBuildPhase;
			buildActionMask = 2147483647;
			files = (
				668B5329305905A600C4CC01 /* Preview Assets.xcassets in Resources */,
				668B5326305905A600C4CC01 /* Assets.xcassets in Resources */,
			);
			runOnlyForDeploymentPostprocessing = 0;
		};
		668B532C305905A600C4CC01 /* Resources */ = {
			isa = PBXResourcesBuildPhase;
			buildActionMask = 2147483647;
			files = (
			);
			runOnlyForDeploymentPostprocessing = 0;
		};
		668B5336305905A600C4CC01 /* Resources */ = {
			isa = PBXResourcesBuildPhase;
			buildActionMask = 2147483647;
			files = (
			);
			runOnlyForDeploymentPostprocessing = 0;
		};
/* End PBXResourcesBuildPhase section */

/* Begin PBXSourcesBuildPhase section */
		66E00007305C000000000001 /* Sources */ = {
			isa = PBXSourcesBuildPhase;
			buildActionMask = 2147483647;
			files = (
				66E00002305C000000000002 /* WidgetDataManager.swift in Sources */,
				66E00002305C000000000003 /* FinTrackWidgets.swift in Sources */,
			);
			runOnlyForDeploymentPostprocessing = 0;
		};
		668B531A3059059F00C4CC01 /* Sources */ = {
			isa = PBXSourcesBuildPhase;
			buildActionMask = 2147483647;
			files = (
				66E00002305C000000000001 /* WidgetDataManager.swift in Sources */,
				66B6B882305A4BF500DB568D /* HistoryView.swift in Sources */,
				66B6B888305A6F9100DB568D /* AddTransactionView.swift in Sources */,
				66B6B88B305A728200DB568D /* AuthView.swift in Sources */,
				66B6B886305A60D700DB568D /* WalletView.swift in Sources */,
				66CD40CE305B36F4000230FC /* FinTrackIntents.swift in Sources */,
				66B6B890305A74CD00DB568D /* AuthViewModel.swift in Sources */,
				66CD40CB305AF917000230FC /* BudgetsView.swift in Sources */,
				66B6B880305A4BF500DB568D /* Account.swift in Sources */,
				66B6B881305A4BF500DB568D /* DashboardView.swift in Sources */,
				66B6B884305A4BF500DB568D /* DashboardViewModel.swift in Sources */,
				668B5324305905A000C4CC01 /* ContentView.swift in Sources */,
				668B5322305905A000C4CC01 /* FinTrackApp.swift in Sources */,
				66B6B87F305A4BF500DB568D /* Transaction.swift in Sources */,
				66B6B88E305A735300DB568D /* AuthModels.swift in Sources */,
				66B6B892305A7B5F00DB568D /* WalletViewModel.swift in Sources */,
				66B6B87E305A4BF500DB568D /* Category.swift in Sources */,
				66B6B883305A4BF500DB568D /* SupabaseManager.swift in Sources */,
			);
			runOnlyForDeploymentPostprocessing = 0;
		};
		668B532A305905A600C4CC01 /* Sources */ = {
			isa = PBXSourcesBuildPhase;
			buildActionMask = 2147483647;
			files = (
				668B5333305905A600C4CC01 /* FinTrackTests.swift in Sources */,
			);
			runOnlyForDeploymentPostprocessing = 0;
		};
		668B5334305905A600C4CC01 /* Sources */ = {
			isa = PBXSourcesBuildPhase;
			buildActionMask = 2147483647;
			files = (
				668B533F305905A600C4CC01 /* FinTrackUITestsLaunchTests.swift in Sources */,
				668B533D305905A600C4CC01 /* FinTrackUITests.swift in Sources */,
			);
			runOnlyForDeploymentPostprocessing = 0;
		};
/* End PBXSourcesBuildPhase section */

/* Begin PBXTargetDependency section */
		66E00004305C000000000001 /* PBXTargetDependency */ = {
			isa = PBXTargetDependency;
			target = 66E00006305C000000000001 /* FinTrackWidgets */;
			targetProxy = 66E00005305C000000000001 /* PBXContainerItemProxy */;
		};
		668B5330305905A600C4CC01 /* PBXTargetDependency */ = {
			isa = PBXTargetDependency;
			target = 668B531D3059059F00C4CC01 /* FinTrack */;
			targetProxy = 668B532F305905A600C4CC01 /* PBXContainerItemProxy */;
		};
		668B533A305905A600C4CC01 /* PBXTargetDependency */ = {
			isa = PBXTargetDependency;
			target = 668B531D3059059F00C4CC01 /* FinTrack */;
			targetProxy = 668B5339305905A600C4CC01 /* PBXContainerItemProxy */;
		};
/* End PBXTargetDependency section */

/* Begin XCBuildConfiguration section */
		66E0000B305C000000000001 /* Debug */ = {
			isa = XCBuildConfiguration;
			buildSettings = {
				ASSETCATALOG_COMPILER_GENERATE_ASSET_SYMBOLS = NO;
				CLANG_ENABLE_MODULES = YES;
				CODE_SIGN_STYLE = Automatic;
				CURRENT_PROJECT_VERSION = 1;
				DEVELOPMENT_TEAM = TC592UM85P;
				ENABLE_USER_SCRIPT_SANDBOXING = YES;
				GENERATE_INFOPLIST_FILE = YES;
				INFOPLIST_KEY_CFBundleDisplayName = FinTrack;
				INFOPLIST_KEY_NSHumanReadableCopyright = "";
				IPHONEOS_DEPLOYMENT_TARGET = 17.0;
				LD_RUNPATH_SEARCH_PATHS = (
					"$(inherited)",
					"@executable_path/Frameworks",
					"@executable_path/../../Frameworks",
				);
				MARKETING_VERSION = 1.0;
				PRODUCT_BUNDLE_IDENTIFIER = com.romero.FinTrack.FinTrackWidgets;
				PRODUCT_NAME = "$(TARGET_NAME)";
				SKIP_INSTALL = YES;
				SWIFT_EMIT_LOC_STRINGS = YES;
				SWIFT_OPTIMIZATION_LEVEL = "-Onone";
				SWIFT_VERSION = 5.0;
				TARGETED_DEVICE_FAMILY = "1,2";
			};
			name = Debug;
		};
		66E0000B305C000000000002 /* Release */ = {
			isa = XCBuildConfiguration;
			buildSettings = {
				ASSETCATALOG_COMPILER_GENERATE_ASSET_SYMBOLS = NO;
				CLANG_ENABLE_MODULES = YES;
				CODE_SIGN_STYLE = Automatic;
				CURRENT_PROJECT_VERSION = 1;
				DEVELOPMENT_TEAM = TC592UM85P;
				ENABLE_USER_SCRIPT_SANDBOXING = YES;
				GENERATE_INFOPLIST_FILE = YES;
				INFOPLIST_KEY_CFBundleDisplayName = FinTrack;
				INFOPLIST_KEY_NSHumanReadableCopyright = "";
				IPHONEOS_DEPLOYMENT_TARGET = 17.0;
				LD_RUNPATH_SEARCH_PATHS = (
					"$(inherited)",
					"@executable_path/Frameworks",
					"@executable_path/../../Frameworks",
				);
				MARKETING_VERSION = 1.0;
				PRODUCT_BUNDLE_IDENTIFIER = com.romero.FinTrack.FinTrackWidgets;
				PRODUCT_NAME = "$(TARGET_NAME)";
				SKIP_INSTALL = YES;
				SWIFT_EMIT_LOC_STRINGS = YES;
				SWIFT_OPTIMIZATION_LEVEL = "-O";
				SWIFT_VERSION = 5.0;
				TARGETED_DEVICE_FAMILY = "1,2";
			};
			name = Release;
		};
		668B5340305905A600C4CC01 /* Debug */ = {
			isa = XCBuildConfiguration;
			buildSettings = {
				ALWAYS_SEARCH_USER_PATHS = NO;
				ASSETCATALOG_COMPILER_GENERATE_SWIFT_ASSET_SYMBOL_EXTENSIONS = YES;
				CLANG_ANALYZER_NONNULL = YES;
				CLANG_ANALYZER_NUMBER_OBJECT_CONVERSION = YES_AGGRESSIVE;
				CLANG_CXX_LANGUAGE_STANDARD = "gnu++20";
				CLANG_ENABLE_MODULES = YES;
				CLANG_ENABLE_OBJC_ARC = YES;
				CLANG_ENABLE_OBJC_WEAK = YES;
				CLANG_WARN_BLOCK_CAPTURE_AUTORELEASING = YES;
				CLANG_WARN_BOOL_CONVERSION = YES;
				CLANG_WARN_COMMA = YES;
				CLANG_WARN_CONSTANT_CONVERSION = YES;
				CLANG_WARN_DEPRECATED_OBJC_IMPLEMENTATIONS = YES;
				CLANG_WARN_DIRECT_OBJC_ISA_USAGE = YES_ERROR;
				CLANG_WARN_DOCUMENTATION_COMMENTS = YES;
				CLANG_WARN_EMPTY_BODY = YES;
				CLANG_WARN_ENUM_CONVERSION = YES;
				CLANG_WARN_INFINITE_RECURSION = YES;
				CLANG_WARN_INT_CONVERSION = YES;
				CLANG_WARN_NON_LITERAL_NULL_CONVERSION = YES;
				CLANG_WARN_OBJC_IMPLICIT_RETAIN_SELF = YES;
				CLANG_WARN_OBJC_LITERAL_CONVERSION = YES;
				CLANG_WARN_OBJC_ROOT_CLASS = YES_ERROR;
				CLANG_WARN_QUOTED_INCLUDE_IN_FRAMEWORK_HEADER = YES;
				CLANG_WARN_RANGE_LOOP_ANALYSIS = YES;
				CLANG_WARN_STRICT_PROTOTYPES = YES;
				CLANG_WARN_SUSPICIOUS_MOVE = YES;
				CLANG_WARN_UNGUARDED_AVAILABILITY = YES_AGGRESSIVE;
				CLANG_WARN_UNREACHABLE_CODE = YES;
				CLANG_WARN__DUPLICATE_METHOD_MATCH = YES;
				COPY_PHASE_STRIP = NO;
				DEBUG_INFORMATION_FORMAT = dwarf;
				ENABLE_STRICT_OBJC_MSGSEND = YES;
				ENABLE_TESTABILITY = YES;
				ENABLE_USER_SCRIPT_SANDBOXING = YES;
				GCC_C_LANGUAGE_STANDARD = gnu17;
				GCC_DYNAMIC_NO_PIC = NO;
				GCC_NO_COMMON_BLOCKS = YES;
				GCC_OPTIMIZATION_LEVEL = 0;
				GCC_PREPROCESSOR_DEFINITIONS = (
					"DEBUG=1",
					"$(inherited)",
				);
				GCC_WARN_64_TO_32_BIT_CONVERSION = YES;
				GCC_WARN_ABOUT_RETURN_TYPE = YES_ERROR;
				GCC_WARN_UNDECLARED_SELECTOR = YES;
				GCC_WARN_UNINITIALIZED_AUTOS = YES_AGGRESSIVE;
				GCC_WARN_UNUSED_FUNCTION = YES;
				GCC_WARN_UNUSED_VARIABLE = YES;
				IPHONEOS_DEPLOYMENT_TARGET = 17.2;
				LOCALIZATION_PREFERS_STRING_CATALOGS = YES;
				MTL_ENABLE_DEBUG_INFO = INCLUDE_SOURCE;
				MTL_FAST_MATH = YES;
				ONLY_ACTIVE_ARCH = YES;
				SDKROOT = iphoneos;
				SWIFT_ACTIVE_COMPILATION_CONDITIONS = "DEBUG $(inherited)";
				SWIFT_OPTIMIZATION_LEVEL = "-Onone";
			};
			name = Debug;
		};
		668B5341305905A600C4CC01 /* Release */ = {
			isa = XCBuildConfiguration;
			buildSettings = {
				ALWAYS_SEARCH_USER_PATHS = NO;
				ASSETCATALOG_COMPILER_GENERATE_SWIFT_ASSET_SYMBOL_EXTENSIONS = YES;
				CLANG_ANALYZER_NONNULL = YES;
				CLANG_ANALYZER_NUMBER_OBJECT_CONVERSION = YES_AGGRESSIVE;
				CLANG_CXX_LANGUAGE_STANDARD = "gnu++20";
				CLANG_ENABLE_MODULES = YES;
				CLANG_ENABLE_OBJC_ARC = YES;
				CLANG_ENABLE_OBJC_WEAK = YES;
				CLANG_WARN_BLOCK_CAPTURE_AUTORELEASING = YES;
				CLANG_WARN_BOOL_CONVERSION = YES;
				CLANG_WARN_COMMA = YES;
				CLANG_WARN_CONSTANT_CONVERSION = YES;
				CLANG_WARN_DEPRECATED_OBJC_IMPLEMENTATIONS = YES;
				CLANG_WARN_DIRECT_OBJC_ISA_USAGE = YES_ERROR;
				CLANG_WARN_DOCUMENTATION_COMMENTS = YES;
				CLANG_WARN_EMPTY_BODY = YES;
				CLANG_WARN_ENUM_CONVERSION = YES;
				CLANG_WARN_INFINITE_RECURSION = YES;
				CLANG_WARN_INT_CONVERSION = YES;
				CLANG_WARN_NON_LITERAL_NULL_CONVERSION = YES;
				CLANG_WARN_OBJC_IMPLICIT_RETAIN_SELF = YES;
				CLANG_WARN_OBJC_LITERAL_CONVERSION = YES;
				CLANG_WARN_OBJC_ROOT_CLASS = YES_ERROR;
				CLANG_WARN_QUOTED_INCLUDE_IN_FRAMEWORK_HEADER = YES;
				CLANG_WARN_RANGE_LOOP_ANALYSIS = YES;
				CLANG_WARN_STRICT_PROTOTYPES = YES;
				CLANG_WARN_SUSPICIOUS_MOVE = YES;
				CLANG_WARN_UNGUARDED_AVAILABILITY = YES_AGGRESSIVE;
				CLANG_WARN_UNREACHABLE_CODE = YES;
				CLANG_WARN__DUPLICATE_METHOD_MATCH = YES;
				COPY_PHASE_STRIP = NO;
				DEBUG_INFORMATION_FORMAT = "dwarf-with-dsym";
				ENABLE_NS_ASSERTIONS = NO;
				ENABLE_STRICT_OBJC_MSGSEND = YES;
				ENABLE_USER_SCRIPT_SANDBOXING = YES;
				GCC_C_LANGUAGE_STANDARD = gnu17;
				GCC_NO_COMMON_BLOCKS = YES;
				GCC_WARN_64_TO_32_BIT_CONVERSION = YES;
				GCC_WARN_ABOUT_RETURN_TYPE = YES_ERROR;
				GCC_WARN_UNDECLARED_SELECTOR = YES;
				GCC_WARN_UNINITIALIZED_AUTOS = YES_AGGRESSIVE;
				GCC_WARN_UNUSED_FUNCTION = YES;
				GCC_WARN_UNUSED_VARIABLE = YES;
				IPHONEOS_DEPLOYMENT_TARGET = 17.2;
				LOCALIZATION_PREFERS_STRING_CATALOGS = YES;
				MTL_ENABLE_DEBUG_INFO = NO;
				MTL_FAST_MATH = YES;
				SDKROOT = iphoneos;
				SWIFT_COMPILATION_MODE = wholemodule;
				VALIDATE_PRODUCT = YES;
			};
			name = Release;
		};
		668B5343305905A600C4CC01 /* Debug */ = {
			isa = XCBuildConfiguration;
			buildSettings = {
				ASSETCATALOG_COMPILER_APPICON_NAME = AppIcon;
				ASSETCATALOG_COMPILER_GLOBAL_ACCENT_COLOR_NAME = AccentColor;
				CODE_SIGN_STYLE = Automatic;
				CURRENT_PROJECT_VERSION = 1;
				DEVELOPMENT_ASSET_PATHS = "\"FinTrack/Preview Content\"";
				DEVELOPMENT_TEAM = TC592UM85P;
				ENABLE_PREVIEWS = YES;
				GENERATE_INFOPLIST_FILE = YES;
				INFOPLIST_KEY_UIApplicationSceneManifest_Generation = YES;
				INFOPLIST_KEY_UIApplicationSupportsIndirectInputEvents = YES;
				INFOPLIST_KEY_UILaunchScreen_Generation = YES;
				INFOPLIST_KEY_UISupportedInterfaceOrientations_iPad = "UIInterfaceOrientationPortrait UIInterfaceOrientationPortraitUpsideDown UIInterfaceOrientationLandscapeLeft UIInterfaceOrientationLandscapeRight";
				INFOPLIST_KEY_UISupportedInterfaceOrientations_iPhone = "UIInterfaceOrientationPortrait UIInterfaceOrientationLandscapeLeft UIInterfaceOrientationLandscapeRight";
				LD_RUNPATH_SEARCH_PATHS = (
					"$(inherited)",
					"@executable_path/Frameworks",
				);
				MARKETING_VERSION = 1.0;
				PRODUCT_BUNDLE_IDENTIFIER = com.romero.FinTrack;
				PRODUCT_NAME = "$(TARGET_NAME)";
				SWIFT_EMIT_LOC_STRINGS = YES;
				SWIFT_VERSION = 5.0;
				TARGETED_DEVICE_FAMILY = "1,2";
			};
			name = Debug;
		};
		668B5344305905A600C4CC01 /* Release */ = {
			isa = XCBuildConfiguration;
			buildSettings = {
				ASSETCATALOG_COMPILER_APPICON_NAME = AppIcon;
				ASSETCATALOG_COMPILER_GLOBAL_ACCENT_COLOR_NAME = AccentColor;
				CODE_SIGN_STYLE = Automatic;
				CURRENT_PROJECT_VERSION = 1;
				DEVELOPMENT_ASSET_PATHS = "\"FinTrack/Preview Content\"";
				DEVELOPMENT_TEAM = TC592UM85P;
				ENABLE_PREVIEWS = YES;
				GENERATE_INFOPLIST_FILE = YES;
				INFOPLIST_KEY_UIApplicationSceneManifest_Generation = YES;
				INFOPLIST_KEY_UIApplicationSupportsIndirectInputEvents = YES;
				INFOPLIST_KEY_UILaunchScreen_Generation = YES;
				INFOPLIST_KEY_UISupportedInterfaceOrientations_iPad = "UIInterfaceOrientationPortrait UIInterfaceOrientationPortraitUpsideDown UIInterfaceOrientationLandscapeLeft UIInterfaceOrientationLandscapeRight";
				INFOPLIST_KEY_UISupportedInterfaceOrientations_iPhone = "UIInterfaceOrientationPortrait UIInterfaceOrientationLandscapeLeft UIInterfaceOrientationLandscapeRight";
				LD_RUNPATH_SEARCH_PATHS = (
					"$(inherited)",
					"@executable_path/Frameworks",
				);
				MARKETING_VERSION = 1.0;
				PRODUCT_BUNDLE_IDENTIFIER = com.romero.FinTrack;
				PRODUCT_NAME = "$(TARGET_NAME)";
				SWIFT_EMIT_LOC_STRINGS = YES;
				SWIFT_VERSION = 5.0;
				TARGETED_DEVICE_FAMILY = "1,2";
			};
			name = Release;
		};
		668B5346305905A600C4CC01 /* Debug */ = {
			isa = XCBuildConfiguration;
			buildSettings = {
				ALWAYS_EMBED_SWIFT_STANDARD_LIBRARIES = YES;
				BUNDLE_LOADER = "$(TEST_HOST)";
				CODE_SIGN_STYLE = Automatic;
				CURRENT_PROJECT_VERSION = 1;
				DEVELOPMENT_TEAM = TC592UM85P;
				GENERATE_INFOPLIST_FILE = YES;
				IPHONEOS_DEPLOYMENT_TARGET = 17.2;
				MARKETING_VERSION = 1.0;
				PRODUCT_BUNDLE_IDENTIFIER = com.romero.FinTrackTests;
				PRODUCT_NAME = "$(TARGET_NAME)";
				SWIFT_EMIT_LOC_STRINGS = NO;
				SWIFT_VERSION = 5.0;
				TARGETED_DEVICE_FAMILY = "1,2";
				TEST_HOST = "$(BUILT_PRODUCTS_DIR)/FinTrack.app/$(BUNDLE_EXECUTABLE_FOLDER_PATH)/FinTrack";
			};
			name = Debug;
		};
		668B5347305905A600C4CC01 /* Release */ = {
			isa = XCBuildConfiguration;
			buildSettings = {
				ALWAYS_EMBED_SWIFT_STANDARD_LIBRARIES = YES;
				BUNDLE_LOADER = "$(TEST_HOST)";
				CODE_SIGN_STYLE = Automatic;
				CURRENT_PROJECT_VERSION = 1;
				DEVELOPMENT_TEAM = TC592UM85P;
				GENERATE_INFOPLIST_FILE = YES;
				IPHONEOS_DEPLOYMENT_TARGET = 17.2;
				MARKETING_VERSION = 1.0;
				PRODUCT_BUNDLE_IDENTIFIER = com.romero.FinTrackTests;
				PRODUCT_NAME = "$(TARGET_NAME)";
				SWIFT_EMIT_LOC_STRINGS = NO;
				SWIFT_VERSION = 5.0;
				TARGETED_DEVICE_FAMILY = "1,2";
				TEST_HOST = "$(BUILT_PRODUCTS_DIR)/FinTrack.app/$(BUNDLE_EXECUTABLE_FOLDER_PATH)/FinTrack";
			};
			name = Release;
		};
		668B5349305905A600C4CC01 /* Debug */ = {
			isa = XCBuildConfiguration;
			buildSettings = {
				ALWAYS_EMBED_SWIFT_STANDARD_LIBRARIES = YES;
				CODE_SIGN_STYLE = Automatic;
				CURRENT_PROJECT_VERSION = 1;
				DEVELOPMENT_TEAM = TC592UM85P;
				GENERATE_INFOPLIST_FILE = YES;
				MARKETING_VERSION = 1.0;
				PRODUCT_BUNDLE_IDENTIFIER = com.romero.FinTrackUITests;
				PRODUCT_NAME = "$(TARGET_NAME)";
				SWIFT_EMIT_LOC_STRINGS = NO;
				SWIFT_VERSION = 5.0;
				TARGETED_DEVICE_FAMILY = "1,2";
				TEST_TARGET_NAME = FinTrack;
			};
			name = Debug;
		};
		668B534A305905A600C4CC01 /* Release */ = {
			isa = XCBuildConfiguration;
			buildSettings = {
				ALWAYS_EMBED_SWIFT_STANDARD_LIBRARIES = YES;
				CODE_SIGN_STYLE = Automatic;
				CURRENT_PROJECT_VERSION = 1;
				DEVELOPMENT_TEAM = TC592UM85P;
				GENERATE_INFOPLIST_FILE = YES;
				MARKETING_VERSION = 1.0;
				PRODUCT_BUNDLE_IDENTIFIER = com.romero.FinTrackUITests;
				PRODUCT_NAME = "$(TARGET_NAME)";
				SWIFT_EMIT_LOC_STRINGS = NO;
				SWIFT_VERSION = 5.0;
				TARGETED_DEVICE_FAMILY = "1,2";
				TEST_TARGET_NAME = FinTrack;
			};
			name = Release;
		};
/* End XCBuildConfiguration section */

/* Begin XCConfigurationList section */
		66E0000A305C000000000001 /* Build configuration list for PBXNativeTarget "FinTrackWidgets" */ = {
			isa = XCConfigurationList;
			buildConfigurations = (
				66E0000B305C000000000001 /* Debug */,
				66E0000B305C000000000002 /* Release */,
			);
			defaultConfigurationIsVisible = 0;
			defaultConfigurationName = Release;
		};
		668B53193059059F00C4CC01 /* Build configuration list for PBXProject "FinTrack" */ = {
			isa = XCConfigurationList;
			buildConfigurations = (
				668B5340305905A600C4CC01 /* Debug */,
				668B5341305905A600C4CC01 /* Release */,
			);
			defaultConfigurationIsVisible = 0;
			defaultConfigurationName = Release;
		};
		668B5342305905A600C4CC01 /* Build configuration list for PBXNativeTarget "FinTrack" */ = {
			isa = XCConfigurationList;
			buildConfigurations = (
				668B5343305905A600C4CC01 /* Debug */,
				668B5344305905A600C4CC01 /* Release */,
			);
			defaultConfigurationIsVisible = 0;
			defaultConfigurationName = Release;
		};
		668B5345305905A600C4CC01 /* Build configuration list for PBXNativeTarget "FinTrackTests" */ = {
			isa = XCConfigurationList;
			buildConfigurations = (
				668B5346305905A600C4CC01 /* Debug */,
				668B5347305905A600C4CC01 /* Release */,
			);
			defaultConfigurationIsVisible = 0;
			defaultConfigurationName = Release;
		};
		668B5348305905A600C4CC01 /* Build configuration list for PBXNativeTarget "FinTrackUITests" */ = {
			isa = XCConfigurationList;
			buildConfigurations = (
				668B5349305905A600C4CC01 /* Debug */,
				668B534A305905A600C4CC01 /* Release */,
			);
			defaultConfigurationIsVisible = 0;
			defaultConfigurationName = Release;
		};
/* End XCConfigurationList section */
	};
	rootObject = 668B53163059059F00C4CC01 /* Project object */;
}
